
Microsoft Visual Studio Solution File, Format Version 11.00
# Visual Studio 2010
Project("{FAE04EC0-301F-11D3-BF4B-00C04F79EFBC}") = "WindowsPhoneClient", "WindowsPhoneClient\WindowsPhoneClient.csproj", "{C1A5435E-1207-468C-9732-0518561010C4}"
EndProject
Project("{FAE04EC0-301F-11D3-BF4B-00C04F79EFBC}") = "WindowsPhoneCore", "WindowsPhoneCore\WindowsPhoneCore.csproj", "{6A7F825D-9CB9-410D-8EEA-9AD20A747CED}"
EndProject
Global
	GlobalSection(SolutionConfigurationPlatforms) = preSolution
		Debug|Any CPU = Debug|Any CPU
		Release|Any CPU = Release|Any CPU
	EndGlobalSection
	GlobalSection(ProjectConfigurationPlatforms) = postSolution
		{C1A5435E-1207-468C-9732-0518561010C4}.Debug|Any CPU.ActiveCfg = Debug|Any CPU
		{C1A5435E-1207-468C-9732-0518561010C4}.Debug|Any CPU.Build.0 = Debug|Any CPU
		{C1A5435E-1207-468C-9732-0518561010C4}.Debug|Any CPU.Deploy.0 = Debug|Any CPU
		{C1A5435E-1207-468C-9732-0518561010C4}.Release|Any CPU.ActiveCfg = Release|Any CPU
		{C1A5435E-1207-468C-9732-0518561010C4}.Release|Any CPU.Build.0 = Release|Any CPU
		{C1A5435E-1207-468C-9732-0518561010C4}.Release|Any CPU.Deploy.0 = Release|Any CPU
		{6A7F825D-9CB9-410D-8EEA-9AD20A747CED}.Debug|Any CPU.ActiveCfg = Debug|Any CPU
		{6A7F825D-9CB9-410D-8EEA-9AD20A747CED}.Debug|Any CPU.Build.0 = Debug|Any CPU
		{6A7F825D-9CB9-410D-8EEA-9AD20A747CED}.Release|Any CPU.ActiveCfg = Release|Any CPU
		{6A7F825D-9CB9-410D-8EEA-9AD20A747CED}.Release|Any CPU.Build.0 = Release|Any CPU
	EndGlobalSection
	GlobalSection(SolutionProperties) = preSolution
		HideSolutionNode = FALSE
	EndGlobalSection
EndGlobal
