
Microsoft Visual Studio Solution File, Format Version 11.00
# Visual Studio 2010
Project("{FAE04EC0-301F-11D3-BF4B-00C04F79EFBC}") = "WindowsPhoneClient", "WindowsPhoneClient\WindowsPhoneClient.csproj", "{C1A5435E-1207-468C-9732-0518561010C4}"
EndProject
Project("{FAE04EC0-301F-11D3-BF4B-00C04F79EFBC}") = "WindowsPhoneCore", "WindowsPhoneCore\WindowsPhoneCore.csproj", "{6A7F825D-9CB9-410D-8EEA-9AD20A747CED}"
EndProject
Project("{FAE04EC0-301F-11D3-BF4B-00C04F79EFBC}") = "AndroidCore", "AndroidCore\AndroidCore.csproj", "{B604DF45-24AF-4465-B70A-B00FFA1B6056}"
EndProject
Project("{FAE04EC0-301F-11D3-BF4B-00C04F79EFBC}") = "AndroidClient", "AndroidClient\AndroidClient.csproj", "{0597DFBF-5147-478C-B858-E5685EA9B2C8}"
EndProject
Project("{FAE04EC0-301F-11D3-BF4B-00C04F79EFBC}") = "TouchCore", "TouchCore\TouchCore.csproj", "{0F5822C4-A608-4C30-A6C0-B0FEBF86F81A}"
EndProject
Project("{FAE04EC0-301F-11D3-BF4B-00C04F79EFBC}") = "TouchClient", "TouchClient\TouchClient.csproj", "{210B8FBB-0536-4A94-B65F-FF1867AB6ABE}"
EndProject
Global
	GlobalSection(SolutionConfigurationPlatforms) = preSolution
		Ad-Hoc|Any CPU = Ad-Hoc|Any CPU
		Ad-Hoc|iPhone = Ad-Hoc|iPhone
		Ad-Hoc|iPhoneSimulator = Ad-Hoc|iPhoneSimulator
		Ad-Hoc|Mixed Platforms = Ad-Hoc|Mixed Platforms
		AppStore|Any CPU = AppStore|Any CPU
		AppStore|iPhone = AppStore|iPhone
		AppStore|iPhoneSimulator = AppStore|iPhoneSimulator
		AppStore|Mixed Platforms = AppStore|Mixed Platforms
		Debug|Any CPU = Debug|Any CPU
		Debug|iPhone = Debug|iPhone
		Debug|iPhoneSimulator = Debug|iPhoneSimulator
		Debug|Mixed Platforms = Debug|Mixed Platforms
		Release|Any CPU = Release|Any CPU
		Release|iPhone = Release|iPhone
		Release|iPhoneSimulator = Release|iPhoneSimulator
		Release|Mixed Platforms = Release|Mixed Platforms
	EndGlobalSection
	GlobalSection(ProjectConfigurationPlatforms) = postSolution
		{0597DFBF-5147-478C-B858-E5685EA9B2C8}.Ad-Hoc|Any CPU.ActiveCfg = Release|Any CPU
		{0597DFBF-5147-478C-B858-E5685EA9B2C8}.Ad-Hoc|iPhone.ActiveCfg = Release|Any CPU
		{0597DFBF-5147-478C-B858-E5685EA9B2C8}.Ad-Hoc|iPhoneSimulator.ActiveCfg = Release|Any CPU
		{0597DFBF-5147-478C-B858-E5685EA9B2C8}.Ad-Hoc|Mixed Platforms.ActiveCfg = Release|Any CPU
		{0597DFBF-5147-478C-B858-E5685EA9B2C8}.Ad-Hoc|Mixed Platforms.Build.0 = Release|Any CPU
		{0597DFBF-5147-478C-B858-E5685EA9B2C8}.AppStore|Any CPU.ActiveCfg = Release|Any CPU
		{0597DFBF-5147-478C-B858-E5685EA9B2C8}.AppStore|iPhone.ActiveCfg = Release|Any CPU
		{0597DFBF-5147-478C-B858-E5685EA9B2C8}.AppStore|iPhoneSimulator.ActiveCfg = Release|Any CPU
		{0597DFBF-5147-478C-B858-E5685EA9B2C8}.AppStore|Mixed Platforms.ActiveCfg = Release|Any CPU
		{0597DFBF-5147-478C-B858-E5685EA9B2C8}.AppStore|Mixed Platforms.Build.0 = Release|Any CPU
		{0597DFBF-5147-478C-B858-E5685EA9B2C8}.Debug|Any CPU.ActiveCfg = Debug|Any CPU
		{0597DFBF-5147-478C-B858-E5685EA9B2C8}.Debug|Any CPU.Build.0 = Debug|Any CPU
		{0597DFBF-5147-478C-B858-E5685EA9B2C8}.Debug|iPhone.ActiveCfg = Debug|Any CPU
		{0597DFBF-5147-478C-B858-E5685EA9B2C8}.Debug|iPhoneSimulator.ActiveCfg = Debug|Any CPU
		{0597DFBF-5147-478C-B858-E5685EA9B2C8}.Debug|Mixed Platforms.ActiveCfg = Debug|Any CPU
		{0597DFBF-5147-478C-B858-E5685EA9B2C8}.Debug|Mixed Platforms.Build.0 = Debug|Any CPU
		{0597DFBF-5147-478C-B858-E5685EA9B2C8}.Release|Any CPU.ActiveCfg = Release|Any CPU
		{0597DFBF-5147-478C-B858-E5685EA9B2C8}.Release|Any CPU.Build.0 = Release|Any CPU
		{0597DFBF-5147-478C-B858-E5685EA9B2C8}.Release|iPhone.ActiveCfg = Release|Any CPU
		{0597DFBF-5147-478C-B858-E5685EA9B2C8}.Release|iPhoneSimulator.ActiveCfg = Release|Any CPU
		{0597DFBF-5147-478C-B858-E5685EA9B2C8}.Release|Mixed Platforms.ActiveCfg = Release|Any CPU
		{0597DFBF-5147-478C-B858-E5685EA9B2C8}.Release|Mixed Platforms.Build.0 = Release|Any CPU
		{0F5822C4-A608-4C30-A6C0-B0FEBF86F81A}.Ad-Hoc|Any CPU.ActiveCfg = Release|Any CPU
		{0F5822C4-A608-4C30-A6C0-B0FEBF86F81A}.Ad-Hoc|iPhone.ActiveCfg = Release|Any CPU
		{0F5822C4-A608-4C30-A6C0-B0FEBF86F81A}.Ad-Hoc|iPhoneSimulator.ActiveCfg = Release|Any CPU
		{0F5822C4-A608-4C30-A6C0-B0FEBF86F81A}.Ad-Hoc|Mixed Platforms.ActiveCfg = Release|Any CPU
		{0F5822C4-A608-4C30-A6C0-B0FEBF86F81A}.Ad-Hoc|Mixed Platforms.Build.0 = Release|Any CPU
		{0F5822C4-A608-4C30-A6C0-B0FEBF86F81A}.AppStore|Any CPU.ActiveCfg = Release|Any CPU
		{0F5822C4-A608-4C30-A6C0-B0FEBF86F81A}.AppStore|iPhone.ActiveCfg = Release|Any CPU
		{0F5822C4-A608-4C30-A6C0-B0FEBF86F81A}.AppStore|iPhoneSimulator.ActiveCfg = Release|Any CPU
		{0F5822C4-A608-4C30-A6C0-B0FEBF86F81A}.AppStore|Mixed Platforms.ActiveCfg = Release|Any CPU
		{0F5822C4-A608-4C30-A6C0-B0FEBF86F81A}.AppStore|Mixed Platforms.Build.0 = Release|Any CPU
		{0F5822C4-A608-4C30-A6C0-B0FEBF86F81A}.Debug|Any CPU.ActiveCfg = Debug|Any CPU
		{0F5822C4-A608-4C30-A6C0-B0FEBF86F81A}.Debug|Any CPU.Build.0 = Debug|Any CPU
		{0F5822C4-A608-4C30-A6C0-B0FEBF86F81A}.Debug|iPhone.ActiveCfg = Debug|Any CPU
		{0F5822C4-A608-4C30-A6C0-B0FEBF86F81A}.Debug|iPhoneSimulator.ActiveCfg = Debug|Any CPU
		{0F5822C4-A608-4C30-A6C0-B0FEBF86F81A}.Debug|Mixed Platforms.ActiveCfg = Debug|Any CPU
		{0F5822C4-A608-4C30-A6C0-B0FEBF86F81A}.Debug|Mixed Platforms.Build.0 = Debug|Any CPU
		{0F5822C4-A608-4C30-A6C0-B0FEBF86F81A}.Release|Any CPU.ActiveCfg = Release|Any CPU
		{0F5822C4-A608-4C30-A6C0-B0FEBF86F81A}.Release|Any CPU.Build.0 = Release|Any CPU
		{0F5822C4-A608-4C30-A6C0-B0FEBF86F81A}.Release|iPhone.ActiveCfg = Release|Any CPU
		{0F5822C4-A608-4C30-A6C0-B0FEBF86F81A}.Release|iPhoneSimulator.ActiveCfg = Release|Any CPU
		{0F5822C4-A608-4C30-A6C0-B0FEBF86F81A}.Release|Mixed Platforms.ActiveCfg = Release|Any CPU
		{0F5822C4-A608-4C30-A6C0-B0FEBF86F81A}.Release|Mixed Platforms.Build.0 = Release|Any CPU
		{210B8FBB-0536-4A94-B65F-FF1867AB6ABE}.Ad-Hoc|Any CPU.ActiveCfg = Ad-Hoc|iPhone
		{210B8FBB-0536-4A94-B65F-FF1867AB6ABE}.Ad-Hoc|iPhone.ActiveCfg = Ad-Hoc|iPhone
		{210B8FBB-0536-4A94-B65F-FF1867AB6ABE}.Ad-Hoc|iPhone.Build.0 = Ad-Hoc|iPhone
		{210B8FBB-0536-4A94-B65F-FF1867AB6ABE}.Ad-Hoc|iPhoneSimulator.ActiveCfg = Ad-Hoc|iPhoneSimulator
		{210B8FBB-0536-4A94-B65F-FF1867AB6ABE}.Ad-Hoc|Mixed Platforms.ActiveCfg = Ad-Hoc|iPhone
		{210B8FBB-0536-4A94-B65F-FF1867AB6ABE}.Ad-Hoc|Mixed Platforms.Build.0 = Ad-Hoc|iPhone
		{210B8FBB-0536-4A94-B65F-FF1867AB6ABE}.AppStore|Any CPU.ActiveCfg = AppStore|iPhone
		{210B8FBB-0536-4A94-B65F-FF1867AB6ABE}.AppStore|iPhone.ActiveCfg = AppStore|iPhone
		{210B8FBB-0536-4A94-B65F-FF1867AB6ABE}.AppStore|iPhone.Build.0 = AppStore|iPhone
		{210B8FBB-0536-4A94-B65F-FF1867AB6ABE}.AppStore|iPhoneSimulator.ActiveCfg = AppStore|iPhoneSimulator
		{210B8FBB-0536-4A94-B65F-FF1867AB6ABE}.AppStore|Mixed Platforms.ActiveCfg = AppStore|iPhone
		{210B8FBB-0536-4A94-B65F-FF1867AB6ABE}.AppStore|Mixed Platforms.Build.0 = AppStore|iPhone
		{210B8FBB-0536-4A94-B65F-FF1867AB6ABE}.Debug|Any CPU.ActiveCfg = Debug|iPhoneSimulator
		{210B8FBB-0536-4A94-B65F-FF1867AB6ABE}.Debug|Any CPU.Build.0 = Debug|iPhoneSimulator
		{210B8FBB-0536-4A94-B65F-FF1867AB6ABE}.Debug|iPhone.ActiveCfg = Debug|iPhone
		{210B8FBB-0536-4A94-B65F-FF1867AB6ABE}.Debug|iPhone.Build.0 = Debug|iPhone
		{210B8FBB-0536-4A94-B65F-FF1867AB6ABE}.Debug|iPhoneSimulator.ActiveCfg = Debug|iPhoneSimulator
		{210B8FBB-0536-4A94-B65F-FF1867AB6ABE}.Debug|iPhoneSimulator.Build.0 = Debug|iPhoneSimulator
		{210B8FBB-0536-4A94-B65F-FF1867AB6ABE}.Debug|Mixed Platforms.ActiveCfg = Debug|iPhone
		{210B8FBB-0536-4A94-B65F-FF1867AB6ABE}.Debug|Mixed Platforms.Build.0 = Debug|iPhone
		{210B8FBB-0536-4A94-B65F-FF1867AB6ABE}.Release|Any CPU.ActiveCfg = Release|iPhoneSimulator
		{210B8FBB-0536-4A94-B65F-FF1867AB6ABE}.Release|Any CPU.Build.0 = Release|iPhoneSimulator
		{210B8FBB-0536-4A94-B65F-FF1867AB6ABE}.Release|iPhone.ActiveCfg = Release|iPhone
		{210B8FBB-0536-4A94-B65F-FF1867AB6ABE}.Release|iPhone.Build.0 = Release|iPhone
		{210B8FBB-0536-4A94-B65F-FF1867AB6ABE}.Release|iPhoneSimulator.ActiveCfg = Release|iPhoneSimulator
		{210B8FBB-0536-4A94-B65F-FF1867AB6ABE}.Release|iPhoneSimulator.Build.0 = Release|iPhoneSimulator
		{210B8FBB-0536-4A94-B65F-FF1867AB6ABE}.Release|Mixed Platforms.ActiveCfg = Release|iPhone
		{210B8FBB-0536-4A94-B65F-FF1867AB6ABE}.Release|Mixed Platforms.Build.0 = Release|iPhone
		{6A7F825D-9CB9-410D-8EEA-9AD20A747CED}.Ad-Hoc|Any CPU.ActiveCfg = Release|Any CPU
		{6A7F825D-9CB9-410D-8EEA-9AD20A747CED}.Ad-Hoc|iPhone.ActiveCfg = Release|Any CPU
		{6A7F825D-9CB9-410D-8EEA-9AD20A747CED}.Ad-Hoc|iPhoneSimulator.ActiveCfg = Release|Any CPU
		{6A7F825D-9CB9-410D-8EEA-9AD20A747CED}.Ad-Hoc|Mixed Platforms.ActiveCfg = Release|Any CPU
		{6A7F825D-9CB9-410D-8EEA-9AD20A747CED}.Ad-Hoc|Mixed Platforms.Build.0 = Release|Any CPU
		{6A7F825D-9CB9-410D-8EEA-9AD20A747CED}.AppStore|Any CPU.ActiveCfg = Release|Any CPU
		{6A7F825D-9CB9-410D-8EEA-9AD20A747CED}.AppStore|iPhone.ActiveCfg = Release|Any CPU
		{6A7F825D-9CB9-410D-8EEA-9AD20A747CED}.AppStore|iPhoneSimulator.ActiveCfg = Release|Any CPU
		{6A7F825D-9CB9-410D-8EEA-9AD20A747CED}.AppStore|Mixed Platforms.ActiveCfg = Release|Any CPU
		{6A7F825D-9CB9-410D-8EEA-9AD20A747CED}.AppStore|Mixed Platforms.Build.0 = Release|Any CPU
		{6A7F825D-9CB9-410D-8EEA-9AD20A747CED}.Debug|Any CPU.ActiveCfg = Debug|Any CPU
		{6A7F825D-9CB9-410D-8EEA-9AD20A747CED}.Debug|Any CPU.Build.0 = Debug|Any CPU
		{6A7F825D-9CB9-410D-8EEA-9AD20A747CED}.Debug|iPhone.ActiveCfg = Debug|Any CPU
		{6A7F825D-9CB9-410D-8EEA-9AD20A747CED}.Debug|iPhoneSimulator.ActiveCfg = Debug|Any CPU
		{6A7F825D-9CB9-410D-8EEA-9AD20A747CED}.Debug|Mixed Platforms.ActiveCfg = Debug|Any CPU
		{6A7F825D-9CB9-410D-8EEA-9AD20A747CED}.Debug|Mixed Platforms.Build.0 = Debug|Any CPU
		{6A7F825D-9CB9-410D-8EEA-9AD20A747CED}.Release|Any CPU.ActiveCfg = Release|Any CPU
		{6A7F825D-9CB9-410D-8EEA-9AD20A747CED}.Release|Any CPU.Build.0 = Release|Any CPU
		{6A7F825D-9CB9-410D-8EEA-9AD20A747CED}.Release|iPhone.ActiveCfg = Release|Any CPU
		{6A7F825D-9CB9-410D-8EEA-9AD20A747CED}.Release|iPhoneSimulator.ActiveCfg = Release|Any CPU
		{6A7F825D-9CB9-410D-8EEA-9AD20A747CED}.Release|Mixed Platforms.ActiveCfg = Release|Any CPU
		{6A7F825D-9CB9-410D-8EEA-9AD20A747CED}.Release|Mixed Platforms.Build.0 = Release|Any CPU
		{B604DF45-24AF-4465-B70A-B00FFA1B6056}.Ad-Hoc|Any CPU.ActiveCfg = Release|Any CPU
		{B604DF45-24AF-4465-B70A-B00FFA1B6056}.Ad-Hoc|iPhone.ActiveCfg = Release|Any CPU
		{B604DF45-24AF-4465-B70A-B00FFA1B6056}.Ad-Hoc|iPhoneSimulator.ActiveCfg = Release|Any CPU
		{B604DF45-24AF-4465-B70A-B00FFA1B6056}.Ad-Hoc|Mixed Platforms.ActiveCfg = Release|Any CPU
		{B604DF45-24AF-4465-B70A-B00FFA1B6056}.Ad-Hoc|Mixed Platforms.Build.0 = Release|Any CPU
		{B604DF45-24AF-4465-B70A-B00FFA1B6056}.AppStore|Any CPU.ActiveCfg = Release|Any CPU
		{B604DF45-24AF-4465-B70A-B00FFA1B6056}.AppStore|iPhone.ActiveCfg = Release|Any CPU
		{B604DF45-24AF-4465-B70A-B00FFA1B6056}.AppStore|iPhoneSimulator.ActiveCfg = Release|Any CPU
		{B604DF45-24AF-4465-B70A-B00FFA1B6056}.AppStore|Mixed Platforms.ActiveCfg = Release|Any CPU
		{B604DF45-24AF-4465-B70A-B00FFA1B6056}.AppStore|Mixed Platforms.Build.0 = Release|Any CPU
		{B604DF45-24AF-4465-B70A-B00FFA1B6056}.Debug|Any CPU.ActiveCfg = Debug|Any CPU
		{B604DF45-24AF-4465-B70A-B00FFA1B6056}.Debug|Any CPU.Build.0 = Debug|Any CPU
		{B604DF45-24AF-4465-B70A-B00FFA1B6056}.Debug|iPhone.ActiveCfg = Debug|Any CPU
		{B604DF45-24AF-4465-B70A-B00FFA1B6056}.Debug|iPhoneSimulator.ActiveCfg = Debug|Any CPU
		{B604DF45-24AF-4465-B70A-B00FFA1B6056}.Debug|Mixed Platforms.ActiveCfg = Debug|Any CPU
		{B604DF45-24AF-4465-B70A-B00FFA1B6056}.Debug|Mixed Platforms.Build.0 = Debug|Any CPU
		{B604DF45-24AF-4465-B70A-B00FFA1B6056}.Release|Any CPU.ActiveCfg = Release|Any CPU
		{B604DF45-24AF-4465-B70A-B00FFA1B6056}.Release|Any CPU.Build.0 = Release|Any CPU
		{B604DF45-24AF-4465-B70A-B00FFA1B6056}.Release|iPhone.ActiveCfg = Release|Any CPU
		{B604DF45-24AF-4465-B70A-B00FFA1B6056}.Release|iPhoneSimulator.ActiveCfg = Release|Any CPU
		{B604DF45-24AF-4465-B70A-B00FFA1B6056}.Release|Mixed Platforms.ActiveCfg = Release|Any CPU
		{B604DF45-24AF-4465-B70A-B00FFA1B6056}.Release|Mixed Platforms.Build.0 = Release|Any CPU
		{C1A5435E-1207-468C-9732-0518561010C4}.Ad-Hoc|Any CPU.ActiveCfg = Release|Any CPU
		{C1A5435E-1207-468C-9732-0518561010C4}.Ad-Hoc|iPhone.ActiveCfg = Release|Any CPU
		{C1A5435E-1207-468C-9732-0518561010C4}.Ad-Hoc|iPhoneSimulator.ActiveCfg = Release|Any CPU
		{C1A5435E-1207-468C-9732-0518561010C4}.Ad-Hoc|Mixed Platforms.ActiveCfg = Debug|Any CPU
		{C1A5435E-1207-468C-9732-0518561010C4}.AppStore|Any CPU.ActiveCfg = Release|Any CPU
		{C1A5435E-1207-468C-9732-0518561010C4}.AppStore|iPhone.ActiveCfg = Release|Any CPU
		{C1A5435E-1207-468C-9732-0518561010C4}.AppStore|iPhoneSimulator.ActiveCfg = Release|Any CPU
		{C1A5435E-1207-468C-9732-0518561010C4}.AppStore|Mixed Platforms.ActiveCfg = Debug|Any CPU
		{C1A5435E-1207-468C-9732-0518561010C4}.Debug|Any CPU.ActiveCfg = Debug|Any CPU
		{C1A5435E-1207-468C-9732-0518561010C4}.Debug|Any CPU.Build.0 = Debug|Any CPU
		{C1A5435E-1207-468C-9732-0518561010C4}.Debug|iPhone.ActiveCfg = Debug|Any CPU
		{C1A5435E-1207-468C-9732-0518561010C4}.Debug|iPhoneSimulator.ActiveCfg = Debug|Any CPU
		{C1A5435E-1207-468C-9732-0518561010C4}.Debug|Mixed Platforms.ActiveCfg = Debug|Any CPU
		{C1A5435E-1207-468C-9732-0518561010C4}.Release|Any CPU.ActiveCfg = Release|Any CPU
		{C1A5435E-1207-468C-9732-0518561010C4}.Release|Any CPU.Build.0 = Release|Any CPU
		{C1A5435E-1207-468C-9732-0518561010C4}.Release|iPhone.ActiveCfg = Release|Any CPU
		{C1A5435E-1207-468C-9732-0518561010C4}.Release|iPhoneSimulator.ActiveCfg = Release|Any CPU
		{C1A5435E-1207-468C-9732-0518561010C4}.Release|Mixed Platforms.ActiveCfg = Release|Any CPU
		{C1A5435E-1207-468C-9732-0518561010C4}.Debug|Any CPU.Deploy.0 = Debug|Any CPU
		{C1A5435E-1207-468C-9732-0518561010C4}.Release|Any CPU.Deploy.0 = Release|Any CPU
		{0597DFBF-5147-478C-B858-E5685EA9B2C8}.Ad-Hoc|Mixed Platforms.Deploy.0 = Release|Any CPU
		{0597DFBF-5147-478C-B858-E5685EA9B2C8}.AppStore|Mixed Platforms.Deploy.0 = Release|Any CPU
		{0597DFBF-5147-478C-B858-E5685EA9B2C8}.Debug|Any CPU.Deploy.0 = Debug|Any CPU
		{0597DFBF-5147-478C-B858-E5685EA9B2C8}.Debug|Mixed Platforms.Deploy.0 = Debug|Any CPU
		{0597DFBF-5147-478C-B858-E5685EA9B2C8}.Release|Any CPU.Deploy.0 = Release|Any CPU
		{0597DFBF-5147-478C-B858-E5685EA9B2C8}.Release|Mixed Platforms.Deploy.0 = Release|Any CPU
	EndGlobalSection
	GlobalSection(MonoDevelopProperties) = preSolution
		StartupItem = AndroidClient\AndroidClient.csproj
	EndGlobalSection
	GlobalSection(SolutionProperties) = preSolution
		HideSolutionNode = FALSE
	EndGlobalSection
EndGlobal
